
Microsoft Visual Studio Solution File, Format Version 12.00
# Visual Studio 2012
Project("{FAE04EC0-301F-11D3-BF4B-00C04F79EFBC}") = "Ilc.SampleHarvester.Credentials", "Ilc.SampleHarvester.Credentials\Ilc.SampleHarvester.Credentials.csproj", "{60863551-9B3A-4B2C-BE4B-0FA35011165C}"
EndProject
Project("{FAE04EC0-301F-11D3-BF4B-00C04F79EFBC}") = "PictureServer", "PictureServer\PictureServer.csproj", "{DEAC24A7-7423-43F6-B368-ACC5266B733D}"
EndProject
Project("{2150E333-8FDC-42A3-9474-1A3956D46DE8}") = "SolutionItems", "SolutionItems", "{CE45FDEC-9C2A-4F26-93D6-8BE2625D4F88}"
	ProjectSection(SolutionItems) = preProject
		Readme.txt = Readme.txt
	EndProjectSection
EndProject
Project("{2150E333-8FDC-42A3-9474-1A3956D46DE8}") = "Demo Data", "Demo Data", "{CBE7E5AD-3BD6-428C-8792-667CDD929F23}"
	ProjectSection(SolutionItems) = preProject
		Demo Data\320 - Metropolitan Sales and Rental (320).ilc-infopoint = Demo Data\320 - Metropolitan Sales and Rental (320).ilc-infopoint
		Demo Data\320 - Metropolitan Sales and Rental (320).ilc-informations = Demo Data\320 - Metropolitan Sales and Rental (320).ilc-informations
		Demo Data\330 - Major Sport Suppliers (330).ilc-infopoint = Demo Data\330 - Major Sport Suppliers (330).ilc-infopoint
		Demo Data\330 - Major Sport Suppliers (330).ilc-informations = Demo Data\330 - Major Sport Suppliers (330).ilc-informations
		Demo Data\342 - Mountain Toy Store (342).ilc-infopoint = Demo Data\342 - Mountain Toy Store (342).ilc-infopoint
		Demo Data\342 - Mountain Toy Store (342).ilc-informations = Demo Data\342 - Mountain Toy Store (342).ilc-informations
	EndProjectSection
EndProject
Global
	GlobalSection(SolutionConfigurationPlatforms) = preSolution
		Debug|Any CPU = Debug|Any CPU
		Release|Any CPU = Release|Any CPU
	EndGlobalSection
	GlobalSection(ProjectConfigurationPlatforms) = postSolution
		{60863551-9B3A-4B2C-BE4B-0FA35011165C}.Debug|Any CPU.ActiveCfg = Debug|Any CPU
		{60863551-9B3A-4B2C-BE4B-0FA35011165C}.Debug|Any CPU.Build.0 = Debug|Any CPU
		{60863551-9B3A-4B2C-BE4B-0FA35011165C}.Release|Any CPU.ActiveCfg = Release|Any CPU
		{60863551-9B3A-4B2C-BE4B-0FA35011165C}.Release|Any CPU.Build.0 = Release|Any CPU
		{DEAC24A7-7423-43F6-B368-ACC5266B733D}.Debug|Any CPU.ActiveCfg = Debug|Any CPU
		{DEAC24A7-7423-43F6-B368-ACC5266B733D}.Debug|Any CPU.Build.0 = Debug|Any CPU
		{DEAC24A7-7423-43F6-B368-ACC5266B733D}.Release|Any CPU.ActiveCfg = Release|Any CPU
		{DEAC24A7-7423-43F6-B368-ACC5266B733D}.Release|Any CPU.Build.0 = Release|Any CPU
	EndGlobalSection
	GlobalSection(SolutionProperties) = preSolution
		HideSolutionNode = FALSE
	EndGlobalSection
	GlobalSection(NestedProjects) = preSolution
		{CBE7E5AD-3BD6-428C-8792-667CDD929F23} = {CE45FDEC-9C2A-4F26-93D6-8BE2625D4F88}
	EndGlobalSection
EndGlobal
